
Microsoft Visual Studio Solution File, Format Version 12.00
# Visual Studio Version 16
VisualStudioVersion = 16.0.28407.52
MinimumVisualStudioVersion = 10.0.40219.1
Project("{FAE04EC0-301F-11D3-BF4B-00C04F79EFBC}") = "ChessFlat", "ChessFlat\ChessFlat.csproj", "{36F45300-0D2A-46BC-9A44-F9009D22C94A}"
EndProject
Project("{FAE04EC0-301F-11D3-BF4B-00C04F79EFBC}") = "ChessFlat.Data", "ChessFlat.Data\ChessFlat.Data.csproj", "{8A97F378-56C2-4AD9-BE85-CDC3001B8173}"
EndProject
Global
	GlobalSection(SolutionConfigurationPlatforms) = preSolution
		Debug|Any CPU = Debug|Any CPU
		Release|Any CPU = Release|Any CPU
	EndGlobalSection
	GlobalSection(ProjectConfigurationPlatforms) = postSolution
		{36F45300-0D2A-46BC-9A44-F9009D22C94A}.Debug|Any CPU.ActiveCfg = Debug|Any CPU
		{36F45300-0D2A-46BC-9A44-F9009D22C94A}.Debug|Any CPU.Build.0 = Debug|Any CPU
		{36F45300-0D2A-46BC-9A44-F9009D22C94A}.Release|Any CPU.ActiveCfg = Release|Any CPU
		{36F45300-0D2A-46BC-9A44-F9009D22C94A}.Release|Any CPU.Build.0 = Release|Any CPU
		{8A97F378-56C2-4AD9-BE85-CDC3001B8173}.Debug|Any CPU.ActiveCfg = Debug|Any CPU
		{8A97F378-56C2-4AD9-BE85-CDC3001B8173}.Debug|Any CPU.Build.0 = Debug|Any CPU
		{8A97F378-56C2-4AD9-BE85-CDC3001B8173}.Release|Any CPU.ActiveCfg = Release|Any CPU
		{8A97F378-56C2-4AD9-BE85-CDC3001B8173}.Release|Any CPU.Build.0 = Release|Any CPU
	EndGlobalSection
	GlobalSection(SolutionProperties) = preSolution
		HideSolutionNode = FALSE
	EndGlobalSection
	GlobalSection(ExtensibilityGlobals) = postSolution
		SolutionGuid = {6EA5C8A8-4EBB-4E52-BD9C-EB3056390683}
	EndGlobalSection
EndGlobal
